
Microsoft Visual Studio Solution File, Format Version 12.00
# Visual Studio Version 16
VisualStudioVersion = 16.0.32802.440
MinimumVisualStudioVersion = 10.0.40219.1
Project("{FAE04EC0-301F-11D3-BF4B-00C04F79EFBC}") = "Project1SandwichBuilder", "Project1SandwichBuilder\Project1SandwichBuilder.csproj", "{FDCBF0FE-84F6-41BB-B065-3CA30A3CAE21}"
EndProject
Global
	GlobalSection(SolutionConfigurationPlatforms) = preSolution
		Debug|Any CPU = Debug|Any CPU
		Release|Any CPU = Release|Any CPU
	EndGlobalSection
	GlobalSection(ProjectConfigurationPlatforms) = postSolution
		{FDCBF0FE-84F6-41BB-B065-3CA30A3CAE21}.Debug|Any CPU.ActiveCfg = Debug|Any CPU
		{FDCBF0FE-84F6-41BB-B065-3CA30A3CAE21}.Debug|Any CPU.Build.0 = Debug|Any CPU
		{FDCBF0FE-84F6-41BB-B065-3CA30A3CAE21}.Release|Any CPU.ActiveCfg = Release|Any CPU
		{FDCBF0FE-84F6-41BB-B065-3CA30A3CAE21}.Release|Any CPU.Build.0 = Release|Any CPU
	EndGlobalSection
	GlobalSection(SolutionProperties) = preSolution
		HideSolutionNode = FALSE
	EndGlobalSection
	GlobalSection(ExtensibilityGlobals) = postSolution
		SolutionGuid = {515E236F-9548-4839-937B-1B0969FD8B36}
	EndGlobalSection
EndGlobal
